# THIS IS AN AUTOGENERATED FILE. DO NOT EDIT THIS FILE DIRECTLY.
# yarn lockfile v1


"@types/color-name@^1.1.1":
  version "1.1.1"
  resolved "https://mvn.23cube.com/repository/npm/@types/color-name/-/color-name-1.1.1.tgz#1c1261bbeaa10a8055bbc5d8ab84b7b2afc846a0"

JSONStream@^1.0.7:
  version "1.3.5"
  resolved "https://mvn.23cube.com/repository/npm/JSONStream/-/JSONStream-1.3.5.tgz#3208c1f08d3a4d99261ab64f92302bc15e111ca0"
  dependencies:
    jsonparse "^1.2.0"
    through ">=2.2.7 <3"

a-sync-waterfall@^1.0.0:
  version "1.0.1"
  resolved "https://mvn.23cube.com/repository/npm/a-sync-waterfall/-/a-sync-waterfall-1.0.1.tgz#75b6b6aa72598b497a125e7a2770f14f4c8a1fa7"

abbrev@1, abbrev@^1.1.1:
  version "1.1.1"
  resolved "https://mvn.23cube.com/repository/npm/abbrev/-/abbrev-1.1.1.tgz#f8f2c887ad10bf67f634f005b6987fed3179aac8"

accepts@~1.3.5:
  version "1.3.7"
  resolved "https://mvn.23cube.com/repository/npm/accepts/-/accepts-1.3.7.tgz#531bc726517a3b2b41f850021c6cc15eaab507cd"
  dependencies:
    mime-types "~2.1.24"
    negotiator "0.6.2"

acorn@^7.0.0:
  version "7.2.0"
  resolved "https://mvn.23cube.com/repository/npm/acorn/-/acorn-7.2.0.tgz#17ea7e40d7c8640ff54a694c889c26f31704effe"

align-text@^0.1.1, align-text@^0.1.3:
  version "0.1.4"
  resolved "https://mvn.23cube.com/repository/npm/align-text/-/align-text-0.1.4.tgz#0cd90a561093f35d0a99256c22b7069433fad117"
  dependencies:
    kind-of "^3.0.2"
    longest "^1.0.1"
    repeat-string "^1.5.2"

amdefine@>=0.0.4:
  version "1.0.1"
  resolved "https://mvn.23cube.com/repository/npm/amdefine/-/amdefine-1.0.1.tgz#4a5282ac164729e93619bcfd3ad151f817ce91f5"

ansi-regex@^5.0.0:
  version "5.0.0"
  resolved "https://mvn.23cube.com/repository/npm/ansi-regex/-/ansi-regex-5.0.0.tgz#388539f55179bf39339c81af30a654d69f87cb75"

ansi-styles@^3.2.1:
  version "3.2.1"
  resolved "https://mvn.23cube.com/repository/npm/ansi-styles/-/ansi-styles-3.2.1.tgz#41fbb20243e50b12be0f04b8dedbf07520ce841d"
  dependencies:
    color-convert "^1.9.0"

ansi-styles@^4.1.0:
  version "4.2.1"
  resolved "https://mvn.23cube.com/repository/npm/ansi-styles/-/ansi-styles-4.2.1.tgz#90ae75c424d008d2624c5bf29ead3177ebfcf359"
  dependencies:
    "@types/color-name" "^1.1.1"
    color-convert "^2.0.1"

anymatch@~3.1.1:
  version "3.1.1"
  resolved "https://mvn.23cube.com/repository/npm/anymatch/-/anymatch-3.1.1.tgz#c55ecf02185e2469259399310c173ce31233b142"
  dependencies:
    normalize-path "^3.0.0"
    picomatch "^2.0.4"

archy@^1.0.0:
  version "1.0.0"
  resolved "https://mvn.23cube.com/repository/npm/archy/-/archy-1.0.0.tgz#f9c8c13757cc1dd7bc379ac77b2c62a5c2868c40"

argparse@^1.0.7:
  version "1.0.10"
  resolved "https://mvn.23cube.com/repository/npm/argparse/-/argparse-1.0.10.tgz#bcd6791ea5ae09725e17e5ad988134cd40b3d911"
  dependencies:
    sprintf-js "~1.0.2"

asap@^2.0.3:
  version "2.0.6"
  resolved "https://mvn.23cube.com/repository/npm/asap/-/asap-2.0.6.tgz#e50347611d7e690943208bbdafebcbc2fb866d46"

async@~0.2.6:
  version "0.2.10"
  resolved "https://mvn.23cube.com/repository/npm/async/-/async-0.2.10.tgz#b6bbe0b0674b9d719708ca38de8c237cb526c3d1"

atob@^2.1.2:
  version "2.1.2"
  resolved "https://mvn.23cube.com/repository/npm/atob/-/atob-2.1.2.tgz#6d9517eb9e030d2436666651e86bd9f6f13533c9"

balanced-match@^1.0.0:
  version "1.0.0"
  resolved "https://mvn.23cube.com/repository/npm/balanced-match/-/balanced-match-1.0.0.tgz#89b4d199ab2bee49de164ea02b89ce462d71b767"

basic-auth@~2.0.1:
  version "2.0.1"
  resolved "https://mvn.23cube.com/repository/npm/basic-auth/-/basic-auth-2.0.1.tgz#b998279bf47ce38344b4f3cf916d4679bbf51e3a"
  dependencies:
    safe-buffer "5.1.2"

binary-extensions@^2.0.0:
  version "2.0.0"
  resolved "https://mvn.23cube.com/repository/npm/binary-extensions/-/binary-extensions-2.0.0.tgz#23c0df14f6a88077f5f986c0d167ec03c3d5537c"

bluebird@^3.2.2, bluebird@^3.5.1, bluebird@^3.5.2, bluebird@^3.5.5:
  version "3.7.2"
  resolved "https://mvn.23cube.com/repository/npm/bluebird/-/bluebird-3.7.2.tgz#9f229c15be272454ffa973ace0dbee79a1b0c36f"

brace-expansion@^1.1.7:
  version "1.1.11"
  resolved "https://mvn.23cube.com/repository/npm/brace-expansion/-/brace-expansion-1.1.11.tgz#3c7fcbf529d87226f3d2f52b966ff5271eb441dd"
  dependencies:
    balanced-match "^1.0.0"
    concat-map "0.0.1"

braces@^3.0.1, braces@~3.0.2:
  version "3.0.2"
  resolved "https://mvn.23cube.com/repository/npm/braces/-/braces-3.0.2.tgz#3454e1a462ee8d599e236df336cd9ea4f8afe107"
  dependencies:
    fill-range "^7.0.1"

bytes@3.0.0:
  version "3.0.0"
  resolved "https://mvn.23cube.com/repository/npm/bytes/-/bytes-3.0.0.tgz#d32815404d689699f85a4ea4fa8755dd13a96048"

camel-case@^3.0.0:
  version "3.0.0"
  resolved "https://mvn.23cube.com/repository/npm/camel-case/-/camel-case-3.0.0.tgz#ca3c3688a4e9cf3a4cda777dc4dcbc713249cf73"
  dependencies:
    no-case "^2.2.0"
    upper-case "^1.1.1"

camel-case@^4.0.0:
  version "4.1.1"
  resolved "https://mvn.23cube.com/repository/npm/camel-case/-/camel-case-4.1.1.tgz#1fc41c854f00e2f7d0139dfeba1542d6896fe547"
  dependencies:
    pascal-case "^3.1.1"
    tslib "^1.10.0"

camelcase@^1.0.2:
  version "1.2.1"
  resolved "https://mvn.23cube.com/repository/npm/camelcase/-/camelcase-1.2.1.tgz#9bb5304d2e0b56698b2c758b08a3eaa9daa58a39"

center-align@^0.1.1:
  version "0.1.3"
  resolved "https://mvn.23cube.com/repository/npm/center-align/-/center-align-0.1.3.tgz#aa0d32629b6ee972200411cbd4461c907bc2b7ad"
  dependencies:
    align-text "^0.1.3"
    lazy-cache "^1.0.3"

chalk@^2.4.1, chalk@^2.4.2:
  version "2.4.2"
  resolved "https://mvn.23cube.com/repository/npm/chalk/-/chalk-2.4.2.tgz#cd42541677a54333cf541a49108c1432b44c9424"
  dependencies:
    ansi-styles "^3.2.1"
    escape-string-regexp "^1.0.5"
    supports-color "^5.3.0"

chalk@^3.0.0:
  version "3.0.0"
  resolved "https://mvn.23cube.com/repository/npm/chalk/-/chalk-3.0.0.tgz#3f73c2bf526591f574cc492c51e2456349f844e4"
  dependencies:
    ansi-styles "^4.1.0"
    supports-color "^7.1.0"

chokidar@^3.0.0, chokidar@^3.3.0:
  version "3.4.0"
  resolved "https://mvn.23cube.com/repository/npm/chokidar/-/chokidar-3.4.0.tgz#b30611423ce376357c765b9b8f904b9fba3c0be8"
  dependencies:
    anymatch "~3.1.1"
    braces "~3.0.2"
    glob-parent "~5.1.0"
    is-binary-path "~2.1.0"
    is-glob "~4.0.1"
    normalize-path "~3.0.0"
    readdirp "~3.4.0"
  optionalDependencies:
    fsevents "~2.1.2"

clipboard@^2.0.0:
  version "2.0.6"
  resolved "https://mvn.23cube.com/repository/npm/clipboard/-/clipboard-2.0.6.tgz#52921296eec0fdf77ead1749421b21c968647376"
  dependencies:
    good-listener "^1.2.2"
    select "^1.1.2"
    tiny-emitter "^2.0.0"

cliui@^2.1.0:
  version "2.1.0"
  resolved "https://mvn.23cube.com/repository/npm/cliui/-/cliui-2.1.0.tgz#4b475760ff80264c762c3a1719032e91c7fea0d1"
  dependencies:
    center-align "^0.1.1"
    right-align "^0.1.1"
    wordwrap "0.0.2"

color-convert@^1.9.0:
  version "1.9.3"
  resolved "https://mvn.23cube.com/repository/npm/color-convert/-/color-convert-1.9.3.tgz#bb71850690e1f136567de629d2d5471deda4c1e8"
  dependencies:
    color-name "1.1.3"

color-convert@^2.0.1:
  version "2.0.1"
  resolved "https://mvn.23cube.com/repository/npm/color-convert/-/color-convert-2.0.1.tgz#72d3a68d598c9bdb3af2ad1e84f21d896abd4de3"
  dependencies:
    color-name "~1.1.4"

color-name@1.1.3:
  version "1.1.3"
  resolved "https://mvn.23cube.com/repository/npm/color-name/-/color-name-1.1.3.tgz#a7d0558bd89c42f795dd42328f740831ca53bc25"

color-name@~1.1.4:
  version "1.1.4"
  resolved "https://mvn.23cube.com/repository/npm/color-name/-/color-name-1.1.4.tgz#c2a09a87acbde69543de6f63fa3995c826c536a2"

command-exists@^1.2.8:
  version "1.2.9"
  resolved "https://mvn.23cube.com/repository/npm/command-exists/-/command-exists-1.2.9.tgz#c50725af3808c8ab0260fd60b01fbfa25b954f69"

commander@^3.0.2:
  version "3.0.2"
  resolved "https://mvn.23cube.com/repository/npm/commander/-/commander-3.0.2.tgz#6837c3fb677ad9933d1cfba42dd14d5117d6b39e"

compressible@~2.0.16:
  version "2.0.18"
  resolved "https://mvn.23cube.com/repository/npm/compressible/-/compressible-2.0.18.tgz#af53cca6b070d4c3c0750fbd77286a6d7cc46fba"
  dependencies:
    mime-db ">= 1.43.0 < 2"

compression@^1.7.4:
  version "1.7.4"
  resolved "https://mvn.23cube.com/repository/npm/compression/-/compression-1.7.4.tgz#95523eff170ca57c29a0ca41e6fe131f41e5bb8f"
  dependencies:
    accepts "~1.3.5"
    bytes "3.0.0"
    compressible "~2.0.16"
    debug "2.6.9"
    on-headers "~1.0.2"
    safe-buffer "5.1.2"
    vary "~1.1.2"

concat-map@0.0.1:
  version "0.0.1"
  resolved "https://mvn.23cube.com/repository/npm/concat-map/-/concat-map-0.0.1.tgz#d8a96bd77fd68df7793a73036a3ba0d5405d477b"

connect@^3.7.0:
  version "3.7.0"
  resolved "https://mvn.23cube.com/repository/npm/connect/-/connect-3.7.0.tgz#5d49348910caa5e07a01800b030d0c35f20484f8"
  dependencies:
    debug "2.6.9"
    finalhandler "1.1.2"
    parseurl "~1.3.3"
    utils-merge "1.0.1"

cross-spawn@^6.0.5:
  version "6.0.5"
  resolved "https://mvn.23cube.com/repository/npm/cross-spawn/-/cross-spawn-6.0.5.tgz#4a5ec7c64dfae22c3a14124dbacdee846d80cbc4"
  dependencies:
    nice-try "^1.0.4"
    path-key "^2.0.1"
    semver "^5.5.0"
    shebang-command "^1.2.0"
    which "^1.2.9"

cross-spawn@^7.0.0:
  version "7.0.3"
  resolved "https://mvn.23cube.com/repository/npm/cross-spawn/-/cross-spawn-7.0.3.tgz#f73a85b9d5d41d045551c177e2882d4ac85728a6"
  dependencies:
    path-key "^3.1.0"
    shebang-command "^2.0.0"
    which "^2.0.1"

css-parse@1.7.x:
  version "1.7.0"
  resolved "https://mvn.23cube.com/repository/npm/css-parse/-/css-parse-1.7.0.tgz#321f6cf73782a6ff751111390fc05e2c657d8c9b"

css-parse@~2.0.0:
  version "2.0.0"
  resolved "https://mvn.23cube.com/repository/npm/css-parse/-/css-parse-2.0.0.tgz#a468ee667c16d81ccf05c58c38d2a97c780dbfd4"
  dependencies:
    css "^2.0.0"

css@^2.0.0:
  version "2.2.4"
  resolved "https://mvn.23cube.com/repository/npm/css/-/css-2.2.4.tgz#c646755c73971f2bba6a601e2cf2fd71b1298929"
  dependencies:
    inherits "^2.0.3"
    source-map "^0.6.1"
    source-map-resolve "^0.5.2"
    urix "^0.1.0"

cuid@^2.1.4:
  version "2.1.8"
  resolved "https://mvn.23cube.com/repository/npm/cuid/-/cuid-2.1.8.tgz#cbb88f954171e0d5747606c0139fb65c5101eac0"

debug@*:
  version "4.2.0"
  resolved "https://mvn.23cube.com/repository/npm/debug/-/debug-4.2.0.tgz#7f150f93920e94c58f5574c2fd01a3110effe7f1"
  dependencies:
    ms "2.1.2"

debug@2.6.9:
  version "2.6.9"
  resolved "https://mvn.23cube.com/repository/npm/debug/-/debug-2.6.9.tgz#5d128515df134ff327e90a4c93f4e077a536341f"
  dependencies:
    ms "2.0.0"

debug@~3.1.0:
  version "3.1.0"
  resolved "https://mvn.23cube.com/repository/npm/debug/-/debug-3.1.0.tgz#5bb5a0672628b64149566ba16819e61518c67261"
  dependencies:
    ms "2.0.0"

decamelize@^1.0.0:
  version "1.2.0"
  resolved "https://mvn.23cube.com/repository/npm/decamelize/-/decamelize-1.2.0.tgz#f6534d15148269b20352e7bee26f501f9a191290"

decode-uri-component@^0.2.0:
  version "0.2.0"
  resolved "https://mvn.23cube.com/repository/npm/decode-uri-component/-/decode-uri-component-0.2.0.tgz#eb3913333458775cb84cd1a1fae062106bb87545"

deepmerge@^4.2.2:
  version "4.2.2"
  resolved "https://mvn.23cube.com/repository/npm/deepmerge/-/deepmerge-4.2.2.tgz#44d2ea3679b8f4d4ffba33f03d865fc1e7bf4955"

delegate@^3.1.2:
  version "3.2.0"
  resolved "https://mvn.23cube.com/repository/npm/delegate/-/delegate-3.2.0.tgz#b66b71c3158522e8ab5744f720d8ca0c2af59166"

depd@~1.1.2:
  version "1.1.2"
  resolved "https://mvn.23cube.com/repository/npm/depd/-/depd-1.1.2.tgz#9bcd52e14c097763e749b274c4346ed2e560b5a9"

depd@~2.0.0:
  version "2.0.0"
  resolved "https://mvn.23cube.com/repository/npm/depd/-/depd-2.0.0.tgz#b696163cc757560d09cf22cc8fad1571b79e76df"

destroy@~1.0.4:
  version "1.0.4"
  resolved "https://mvn.23cube.com/repository/npm/destroy/-/destroy-1.0.4.tgz#978857442c44749e4206613e37946205826abd80"

dom-serializer@^0.2.1:
  version "0.2.2"
  resolved "https://mvn.23cube.com/repository/npm/dom-serializer/-/dom-serializer-0.2.2.tgz#1afb81f533717175d478655debc5e332d9f9bb51"
  dependencies:
    domelementtype "^2.0.1"
    entities "^2.0.0"

domelementtype@^2.0.1:
  version "2.0.1"
  resolved "https://mvn.23cube.com/repository/npm/domelementtype/-/domelementtype-2.0.1.tgz#1f8bdfe91f5a78063274e803b4bdcedf6e94f94d"

domhandler@^3.0.0:
  version "3.0.0"
  resolved "https://mvn.23cube.com/repository/npm/domhandler/-/domhandler-3.0.0.tgz#51cd13efca31da95bbb0c5bee3a48300e333b3e9"
  dependencies:
    domelementtype "^2.0.1"

domutils@^2.0.0:
  version "2.1.0"
  resolved "https://mvn.23cube.com/repository/npm/domutils/-/domutils-2.1.0.tgz#7ade3201af43703fde154952e3a868eb4b635f16"
  dependencies:
    dom-serializer "^0.2.1"
    domelementtype "^2.0.1"
    domhandler "^3.0.0"

ee-first@1.1.1:
  version "1.1.1"
  resolved "https://mvn.23cube.com/repository/npm/ee-first/-/ee-first-1.1.1.tgz#590c61156b0ae2f4f0255732a158b266bc56b21d"

ejs@^2.6.1:
  version "2.7.4"
  resolved "https://mvn.23cube.com/repository/npm/ejs/-/ejs-2.7.4.tgz#48661287573dcc53e366c7a1ae52c3a120eec9ba"

encodeurl@~1.0.2:
  version "1.0.2"
  resolved "https://mvn.23cube.com/repository/npm/encodeurl/-/encodeurl-1.0.2.tgz#ad3ff4c86ec2d029322f5a02c3a9a606c95b3f59"

entities@^2.0.0:
  version "2.0.3"
  resolved "https://mvn.23cube.com/repository/npm/entities/-/entities-2.0.3.tgz#5c487e5742ab93c15abb5da22759b8590ec03b7f"

escape-html@~1.0.3:
  version "1.0.3"
  resolved "https://mvn.23cube.com/repository/npm/escape-html/-/escape-html-1.0.3.tgz#0258eae4d3d0c0974de1c169188ef0051d1d1988"

escape-string-regexp@^1.0.5:
  version "1.0.5"
  resolved "https://mvn.23cube.com/repository/npm/escape-string-regexp/-/escape-string-regexp-1.0.5.tgz#1b61c0562190a8dff6ae3bb2cf0200ca130b86d4"

escape-string-regexp@^2.0.0:
  version "2.0.0"
  resolved "https://mvn.23cube.com/repository/npm/escape-string-regexp/-/escape-string-regexp-2.0.0.tgz#a30304e99daa32e23b2fd20f51babd07cffca344"

esprima@^4.0.0:
  version "4.0.1"
  resolved "https://mvn.23cube.com/repository/npm/esprima/-/esprima-4.0.1.tgz#13b04cdb3e6c5d19df91ab6987a8695619b0aa71"

etag@~1.8.1:
  version "1.8.1"
  resolved "https://mvn.23cube.com/repository/npm/etag/-/etag-1.8.1.tgz#41ae2eeb65efa62268aebfea83ac7d79299b0887"

fill-range@^7.0.1:
  version "7.0.1"
  resolved "https://mvn.23cube.com/repository/npm/fill-range/-/fill-range-7.0.1.tgz#1919a6a7c75fe38b2c7c77e5198535da9acdda40"
  dependencies:
    to-regex-range "^5.0.1"

finalhandler@1.1.2:
  version "1.1.2"
  resolved "https://mvn.23cube.com/repository/npm/finalhandler/-/finalhandler-1.1.2.tgz#b7e7d000ffd11938d0fdb053506f6ebabe9f587d"
  dependencies:
    debug "2.6.9"
    encodeurl "~1.0.2"
    escape-html "~1.0.3"
    on-finished "~2.3.0"
    parseurl "~1.3.3"
    statuses "~1.5.0"
    unpipe "~1.0.0"

fresh@0.5.2:
  version "0.5.2"
  resolved "https://mvn.23cube.com/repository/npm/fresh/-/fresh-0.5.2.tgz#3d8cadd90d976569fa835ab1f8e4b23a105605a7"

fs.realpath@^1.0.0:
  version "1.0.0"
  resolved "https://mvn.23cube.com/repository/npm/fs.realpath/-/fs.realpath-1.0.0.tgz#1504ad2523158caa40db4a2787cb01411994ea4f"

fsevents@~2.1.2:
  version "2.1.3"
  resolved "https://mvn.23cube.com/repository/npm/fsevents/-/fsevents-2.1.3.tgz#fb738703ae8d2f9fe900c33836ddebee8b97f23e"

glob-parent@~5.1.0:
  version "5.1.1"
  resolved "https://mvn.23cube.com/repository/npm/glob-parent/-/glob-parent-5.1.1.tgz#b6c1ef417c4e5663ea498f1c45afac6916bbc229"
  dependencies:
    is-glob "^4.0.1"

glob@7.0.x:
  version "7.0.6"
  resolved "https://mvn.23cube.com/repository/npm/glob/-/glob-7.0.6.tgz#211bafaf49e525b8cd93260d14ab136152b3f57a"
  dependencies:
    fs.realpath "^1.0.0"
    inflight "^1.0.4"
    inherits "2"
    minimatch "^3.0.2"
    once "^1.3.0"
    path-is-absolute "^1.0.0"

glob@^6.0.1:
  version "6.0.4"
  resolved "https://mvn.23cube.com/repository/npm/glob/-/glob-6.0.4.tgz#0f08860f6a155127b2fadd4f9ce24b1aab6e4d22"
  dependencies:
    inflight "^1.0.4"
    inherits "2"
    minimatch "2 || 3"
    once "^1.3.0"
    path-is-absolute "^1.0.0"

glob@^7.1.3:
  version "7.1.6"
  resolved "https://mvn.23cube.com/repository/npm/glob/-/glob-7.1.6.tgz#141f33b81a7c2492e125594307480c46679278a6"
  dependencies:
    fs.realpath "^1.0.0"
    inflight "^1.0.4"
    inherits "2"
    minimatch "^3.0.4"
    once "^1.3.0"
    path-is-absolute "^1.0.0"

good-listener@^1.2.2:
  version "1.2.2"
  resolved "https://mvn.23cube.com/repository/npm/good-listener/-/good-listener-1.2.2.tgz#d53b30cdf9313dffb7dc9a0d477096aa6d145c50"
  dependencies:
    delegate "^3.1.2"

graceful-fs@^4.1.11, graceful-fs@^4.1.3:
  version "4.2.4"
  resolved "https://mvn.23cube.com/repository/npm/graceful-fs/-/graceful-fs-4.2.4.tgz#2256bde14d3632958c465ebc96dc467ca07a29fb"

has-flag@^3.0.0:
  version "3.0.0"
  resolved "https://mvn.23cube.com/repository/npm/has-flag/-/has-flag-3.0.0.tgz#b5d454dc2199ae225699f3467e5a07f3b955bafd"

has-flag@^4.0.0:
  version "4.0.0"
  resolved "https://mvn.23cube.com/repository/npm/has-flag/-/has-flag-4.0.0.tgz#944771fd9c81c81265c4d6941860da06bb59479b"

hexo-bunyan@^2.0.0:
  version "2.0.0"
  resolved "https://mvn.23cube.com/repository/npm/hexo-bunyan/-/hexo-bunyan-2.0.0.tgz#020d7a51104cc7fe50df9005020c359ac504309e"
  optionalDependencies:
    moment "^2.10.6"
    mv "~2"
    safe-json-stringify "~1"

hexo-cli@^3.0.0:
  version "3.1.0"
  resolved "https://mvn.23cube.com/repository/npm/hexo-cli/-/hexo-cli-3.1.0.tgz#a7414d4647333fe73762f86d77e5660659c0d05b"
  dependencies:
    abbrev "^1.1.1"
    acorn "^7.0.0"
    bluebird "^3.5.5"
    chalk "^2.4.2"
    command-exists "^1.2.8"
    hexo-fs "^2.0.0"
    hexo-log "^1.0.0"
    hexo-util "^1.4.0"
    minimist "^1.2.0"
    resolve "^1.11.0"
    tildify "^2.0.0"

hexo-front-matter@^1.0.0:
  version "1.0.0"
  resolved "https://mvn.23cube.com/repository/npm/hexo-front-matter/-/hexo-front-matter-1.0.0.tgz#0b48b1c1ed143e8cb25b3b223a9037385d910655"
  dependencies:
    js-yaml "^3.13.1"

hexo-fs@^2.0.0, hexo-fs@^2.0.1:
  version "2.0.1"
  resolved "https://mvn.23cube.com/repository/npm/hexo-fs/-/hexo-fs-2.0.1.tgz#abbdcadec067a8326d14b48e101935cf1a4f48e9"
  dependencies:
    bluebird "^3.5.1"
    chokidar "^3.0.0"
    escape-string-regexp "^2.0.0"
    graceful-fs "^4.1.11"

hexo-generator-archive@^1.0.0:
  version "1.0.0"
  resolved "https://mvn.23cube.com/repository/npm/hexo-generator-archive/-/hexo-generator-archive-1.0.0.tgz#ad2afb12232a65e2f8608fc1ca3f19162fb63786"
  dependencies:
    hexo-pagination "1.0.0"

hexo-generator-category@^1.0.0:
  version "1.0.0"
  resolved "https://mvn.23cube.com/repository/npm/hexo-generator-category/-/hexo-generator-category-1.0.0.tgz#cd2a2b03eb326da3ef821d6e29408488cc132eb5"
  dependencies:
    hexo-pagination "1.0.0"

hexo-generator-index@^1.0.0:
  version "1.0.0"
  resolved "https://mvn.23cube.com/repository/npm/hexo-generator-index/-/hexo-generator-index-1.0.0.tgz#8c9f157dcfa0af4f8417f77a4eb5b3831f69a719"
  dependencies:
    hexo-pagination "1.0.0"

hexo-generator-tag@^1.0.0:
  version "1.0.0"
  resolved "https://mvn.23cube.com/repository/npm/hexo-generator-tag/-/hexo-generator-tag-1.0.0.tgz#54ec23de9409c75584ea81e36057a59031b022f1"
  dependencies:
    hexo-pagination "1.0.0"

hexo-i18n@^1.0.0:
  version "1.0.0"
  resolved "https://mvn.23cube.com/repository/npm/hexo-i18n/-/hexo-i18n-1.0.0.tgz#7983fb3a313e90615b84dd8fa946a71c489ef5bd"
  dependencies:
    sprintf-js "^1.0.3"

hexo-log@^1.0.0:
  version "1.0.0"
  resolved "https://mvn.23cube.com/repository/npm/hexo-log/-/hexo-log-1.0.0.tgz#6f0d39e0e9e76b04a4617b242c3e101d5c4283c7"
  dependencies:
    chalk "^2.4.1"
    hexo-bunyan "^2.0.0"

hexo-pagination@1.0.0:
  version "1.0.0"
  resolved "https://mvn.23cube.com/repository/npm/hexo-pagination/-/hexo-pagination-1.0.0.tgz#c9c0ca3665267b9e9d0a89fc3edcaf3276907dc1"

hexo-renderer-ejs@^1.0.0:
  version "1.0.0"
  resolved "https://mvn.23cube.com/repository/npm/hexo-renderer-ejs/-/hexo-renderer-ejs-1.0.0.tgz#43c4de49eeae224036a457df860eb1c14c68b4b4"
  dependencies:
    ejs "^2.6.1"

hexo-renderer-marked@^2.0.0:
  version "2.0.0"
  resolved "https://mvn.23cube.com/repository/npm/hexo-renderer-marked/-/hexo-renderer-marked-2.0.0.tgz#458540b014141e7cf72145a82ec591be359cdba1"
  dependencies:
    hexo-util "1.0.0"
    marked "^0.7.0"
    strip-indent "^3.0.0"

hexo-renderer-stylus@^1.1.0:
  version "1.1.0"
  resolved "https://mvn.23cube.com/repository/npm/hexo-renderer-stylus/-/hexo-renderer-stylus-1.1.0.tgz#7a0a107bcf4b74fdf88f28da2db47b8dc9e208e5"
  dependencies:
    nib "^1.1.2"
    stylus "^0.54.5"

hexo-server@^1.0.0:
  version "1.0.0"
  resolved "https://mvn.23cube.com/repository/npm/hexo-server/-/hexo-server-1.0.0.tgz#af89fcc0a07740ad2a7f33d1d003889aab22927e"
  dependencies:
    bluebird "^3.5.5"
    chalk "^2.4.2"
    compression "^1.7.4"
    connect "^3.7.0"
    mime "^2.4.3"
    morgan "^1.9.1"
    open "^6.3.0"
    serve-static "^1.14.1"

hexo-util@1.0.0:
  version "1.0.0"
  resolved "https://mvn.23cube.com/repository/npm/hexo-util/-/hexo-util-1.0.0.tgz#2545efcd66e345ef92fe48a73a35470cd65f0b2a"
  dependencies:
    bluebird "^3.5.2"
    camel-case "^3.0.0"
    cross-spawn "^6.0.5"
    highlight.js "^9.13.1"
    html-entities "^1.2.1"
    striptags "^3.1.1"

hexo-util@^1.4.0, hexo-util@^1.9.1:
  version "1.9.1"
  resolved "https://mvn.23cube.com/repository/npm/hexo-util/-/hexo-util-1.9.1.tgz#15dc10d0dca474c978cdba9c20e8d0417ac993de"
  dependencies:
    bluebird "^3.5.2"
    camel-case "^4.0.0"
    cross-spawn "^7.0.0"
    deepmerge "^4.2.2"
    highlight.js "^9.13.1"
    htmlparser2 "^4.0.0"
    prismjs "^1.17.1"
    punycode.js "^2.1.0"
    strip-indent "^3.0.0"
    striptags "^3.1.1"

hexo@^4.2.1:
  version "4.2.1"
  resolved "https://mvn.23cube.com/repository/npm/hexo/-/hexo-4.2.1.tgz#2aa1d4428b0ade23bac34f546a387b36432dd81c"
  dependencies:
    abbrev "^1.1.1"
    archy "^1.0.0"
    bluebird "^3.5.2"
    chalk "^3.0.0"
    hexo-cli "^3.0.0"
    hexo-front-matter "^1.0.0"
    hexo-fs "^2.0.1"
    hexo-i18n "^1.0.0"
    hexo-log "^1.0.0"
    hexo-util "^1.9.1"
    js-yaml "^3.12.0"
    lodash "^4.17.11"
    micromatch "^4.0.2"
    moment "^2.22.2"
    moment-timezone "^0.5.21"
    nunjucks "^3.1.3"
    pretty-hrtime "^1.0.3"
    resolve "^1.8.1"
    strip-ansi "^6.0.0"
    strip-indent "^3.0.0"
    swig-extras "0.0.1"
    swig-templates "^2.0.3"
    text-table "^0.2.0"
    tildify "^2.0.0"
    titlecase "^1.1.2"
    warehouse "^3.0.1"

highlight.js@^9.13.1:
  version "9.18.1"
  resolved "https://mvn.23cube.com/repository/npm/highlight.js/-/highlight.js-9.18.1.tgz#ed21aa001fe6252bb10a3d76d47573c6539fe13c"

html-entities@^1.2.1:
  version "1.3.1"
  resolved "https://mvn.23cube.com/repository/npm/html-entities/-/html-entities-1.3.1.tgz#fb9a1a4b5b14c5daba82d3e34c6ae4fe701a0e44"

htmlparser2@^4.0.0:
  version "4.1.0"
  resolved "https://mvn.23cube.com/repository/npm/htmlparser2/-/htmlparser2-4.1.0.tgz#9a4ef161f2e4625ebf7dfbe6c0a2f52d18a59e78"
  dependencies:
    domelementtype "^2.0.1"
    domhandler "^3.0.0"
    domutils "^2.0.0"
    entities "^2.0.0"

http-errors@~1.7.2:
  version "1.7.3"
  resolved "https://mvn.23cube.com/repository/npm/http-errors/-/http-errors-1.7.3.tgz#6c619e4f9c60308c38519498c14fbb10aacebb06"
  dependencies:
    depd "~1.1.2"
    inherits "2.0.4"
    setprototypeof "1.1.1"
    statuses ">= 1.5.0 < 2"
    toidentifier "1.0.0"

inflight@^1.0.4:
  version "1.0.6"
  resolved "https://mvn.23cube.com/repository/npm/inflight/-/inflight-1.0.6.tgz#49bd6331d7d02d0c09bc910a1075ba8165b56df9"
  dependencies:
    once "^1.3.0"
    wrappy "1"

inherits@2, inherits@2.0.4, inherits@^2.0.3:
  version "2.0.4"
  resolved "https://mvn.23cube.com/repository/npm/inherits/-/inherits-2.0.4.tgz#0fa2c64f932917c3433a0ded55363aae37416b7c"

is-binary-path@~2.1.0:
  version "2.1.0"
  resolved "https://mvn.23cube.com/repository/npm/is-binary-path/-/is-binary-path-2.1.0.tgz#ea1f7f3b80f064236e83470f86c09c254fb45b09"
  dependencies:
    binary-extensions "^2.0.0"

is-buffer@^1.1.5:
  version "1.1.6"
  resolved "https://mvn.23cube.com/repository/npm/is-buffer/-/is-buffer-1.1.6.tgz#efaa2ea9daa0d7ab2ea13a97b2b8ad51fefbe8be"

is-extglob@^2.1.1:
  version "2.1.1"
  resolved "https://mvn.23cube.com/repository/npm/is-extglob/-/is-extglob-2.1.1.tgz#a88c02535791f02ed37c76a1b9ea9773c833f8c2"

is-glob@^4.0.1, is-glob@~4.0.1:
  version "4.0.1"
  resolved "https://mvn.23cube.com/repository/npm/is-glob/-/is-glob-4.0.1.tgz#7567dbe9f2f5e2467bc77ab83c4a29482407a5dc"
  dependencies:
    is-extglob "^2.1.1"

is-number@^7.0.0:
  version "7.0.0"
  resolved "https://mvn.23cube.com/repository/npm/is-number/-/is-number-7.0.0.tgz#7535345b896734d5f80c4d06c50955527a14f12b"

is-plain-object@^3.0.0:
  version "3.0.0"
  resolved "https://mvn.23cube.com/repository/npm/is-plain-object/-/is-plain-object-3.0.0.tgz#47bfc5da1b5d50d64110806c199359482e75a928"
  dependencies:
    isobject "^4.0.0"

is-wsl@^1.1.0:
  version "1.1.0"
  resolved "https://mvn.23cube.com/repository/npm/is-wsl/-/is-wsl-1.1.0.tgz#1f16e4aa22b04d1336b66188a66af3c600c3a66d"

isexe@^2.0.0:
  version "2.0.0"
  resolved "https://mvn.23cube.com/repository/npm/isexe/-/isexe-2.0.0.tgz#e8fbf374dc556ff8947a10dcb0572d633f2cfa10"

isobject@^4.0.0:
  version "4.0.0"
  resolved "https://mvn.23cube.com/repository/npm/isobject/-/isobject-4.0.0.tgz#3f1c9155e73b192022a80819bacd0343711697b0"

js-yaml@^3.12.0, js-yaml@^3.13.1:
  version "3.14.0"
  resolved "https://mvn.23cube.com/repository/npm/js-yaml/-/js-yaml-3.14.0.tgz#a7a34170f26a21bb162424d8adacb4113a69e482"
  dependencies:
    argparse "^1.0.7"
    esprima "^4.0.0"

jsonparse@^1.2.0:
  version "1.3.1"
  resolved "https://mvn.23cube.com/repository/npm/jsonparse/-/jsonparse-1.3.1.tgz#3f4dae4a91fac315f71062f8521cc239f1366280"

kind-of@^3.0.2:
  version "3.2.2"
  resolved "https://mvn.23cube.com/repository/npm/kind-of/-/kind-of-3.2.2.tgz#31ea21a734bab9bbb0f32466d893aea51e4a3c64"
  dependencies:
    is-buffer "^1.1.5"

lazy-cache@^1.0.3:
  version "1.0.4"
  resolved "https://mvn.23cube.com/repository/npm/lazy-cache/-/lazy-cache-1.0.4.tgz#a1d78fc3a50474cb80845d3b3b6e1da49a446e8e"

lodash@^4.17.11:
  version "4.17.15"
  resolved "https://mvn.23cube.com/repository/npm/lodash/-/lodash-4.17.15.tgz#b447f6670a0455bbfeedd11392eff330ea097548"

longest@^1.0.1:
  version "1.0.1"
  resolved "https://mvn.23cube.com/repository/npm/longest/-/longest-1.0.1.tgz#30a0b2da38f73770e8294a0d22e6625ed77d0097"

lower-case@^1.1.1:
  version "1.1.4"
  resolved "https://mvn.23cube.com/repository/npm/lower-case/-/lower-case-1.1.4.tgz#9a2cabd1b9e8e0ae993a4bf7d5875c39c42e8eac"

lower-case@^2.0.1:
  version "2.0.1"
  resolved "https://mvn.23cube.com/repository/npm/lower-case/-/lower-case-2.0.1.tgz#39eeb36e396115cc05e29422eaea9e692c9408c7"
  dependencies:
    tslib "^1.10.0"

markdown@~0.5.0:
  version "0.5.0"
  resolved "https://mvn.23cube.com/repository/npm/markdown/-/markdown-0.5.0.tgz#28205b565a8ae7592de207463d6637dc182722b2"
  dependencies:
    nopt "~2.1.1"

marked@^0.7.0:
  version "0.7.0"
  resolved "https://mvn.23cube.com/repository/npm/marked/-/marked-0.7.0.tgz#b64201f051d271b1edc10a04d1ae9b74bb8e5c0e"

micromatch@^4.0.2:
  version "4.0.2"
  resolved "https://mvn.23cube.com/repository/npm/micromatch/-/micromatch-4.0.2.tgz#4fcb0999bf9fbc2fcbdd212f6d629b9a56c39259"
  dependencies:
    braces "^3.0.1"
    picomatch "^2.0.5"

mime-db@1.44.0, "mime-db@>= 1.43.0 < 2":
  version "1.44.0"
  resolved "https://mvn.23cube.com/repository/npm/mime-db/-/mime-db-1.44.0.tgz#fa11c5eb0aca1334b4233cb4d52f10c5a6272f92"

mime-types@~2.1.24:
  version "2.1.27"
  resolved "https://mvn.23cube.com/repository/npm/mime-types/-/mime-types-2.1.27.tgz#47949f98e279ea53119f5722e0f34e529bec009f"
  dependencies:
    mime-db "1.44.0"

mime@1.6.0:
  version "1.6.0"
  resolved "https://mvn.23cube.com/repository/npm/mime/-/mime-1.6.0.tgz#32cd9e5c64553bd58d19a568af452acff04981b1"

mime@^2.4.3:
  version "2.4.6"
  resolved "https://mvn.23cube.com/repository/npm/mime/-/mime-2.4.6.tgz#e5b407c90db442f2beb5b162373d07b69affa4d1"

min-indent@^1.0.0:
  version "1.0.1"
  resolved "https://mvn.23cube.com/repository/npm/min-indent/-/min-indent-1.0.1.tgz#a63f681673b30571fbe8bc25686ae746eefa9869"

"minimatch@2 || 3", minimatch@^3.0.2, minimatch@^3.0.4:
  version "3.0.4"
  resolved "https://mvn.23cube.com/repository/npm/minimatch/-/minimatch-3.0.4.tgz#5166e286457f03306064be5497e8dbb0c3d32083"
  dependencies:
    brace-expansion "^1.1.7"

minimist@^1.2.0, minimist@^1.2.5:
  version "1.2.5"
  resolved "https://mvn.23cube.com/repository/npm/minimist/-/minimist-1.2.5.tgz#67d66014b66a6a8aaa0c083c5fd58df4e4e97602"

minimist@~0.0.1:
  version "0.0.10"
  resolved "https://mvn.23cube.com/repository/npm/minimist/-/minimist-0.0.10.tgz#de3f98543dbf96082be48ad1a0c7cda836301dcf"

mkdirp@0.5.x, mkdirp@~0.5.1, mkdirp@~0.5.x:
  version "0.5.5"
  resolved "https://mvn.23cube.com/repository/npm/mkdirp/-/mkdirp-0.5.5.tgz#d91cefd62d1436ca0f41620e251288d420099def"
  dependencies:
    minimist "^1.2.5"

moment-timezone@^0.5.21:
  version "0.5.31"
  resolved "https://mvn.23cube.com/repository/npm/moment-timezone/-/moment-timezone-0.5.31.tgz#9c40d8c5026f0c7ab46eda3d63e49c155148de05"
  dependencies:
    moment ">= 2.9.0"

"moment@>= 2.9.0", moment@^2.10.6, moment@^2.22.2:
  version "2.26.0"
  resolved "https://mvn.23cube.com/repository/npm/moment/-/moment-2.26.0.tgz#5e1f82c6bafca6e83e808b30c8705eed0dcbd39a"

morgan@^1.9.1:
  version "1.10.0"
  resolved "https://mvn.23cube.com/repository/npm/morgan/-/morgan-1.10.0.tgz#091778abc1fc47cd3509824653dae1faab6b17d7"
  dependencies:
    basic-auth "~2.0.1"
    debug "2.6.9"
    depd "~2.0.0"
    on-finished "~2.3.0"
    on-headers "~1.0.2"

ms@2.0.0:
  version "2.0.0"
  resolved "https://mvn.23cube.com/repository/npm/ms/-/ms-2.0.0.tgz#5608aeadfc00be6c2901df5f9861788de0d597c8"

ms@2.1.1:
  version "2.1.1"
  resolved "https://mvn.23cube.com/repository/npm/ms/-/ms-2.1.1.tgz#30a5864eb3ebb0a66f2ebe6d727af06a09d86e0a"

ms@2.1.2:
  version "2.1.2"
  resolved "https://mvn.23cube.com/repository/npm/ms/-/ms-2.1.2.tgz#d09d1f357b443f493382a8eb3ccd183872ae6009"

mv@~2:
  version "2.1.1"
  resolved "https://mvn.23cube.com/repository/npm/mv/-/mv-2.1.1.tgz#ae6ce0d6f6d5e0a4f7d893798d03c1ea9559b6a2"
  dependencies:
    mkdirp "~0.5.1"
    ncp "~2.0.0"
    rimraf "~2.4.0"

ncp@~2.0.0:
  version "2.0.0"
  resolved "https://mvn.23cube.com/repository/npm/ncp/-/ncp-2.0.0.tgz#195a21d6c46e361d2fb1281ba38b91e9df7bdbb3"

negotiator@0.6.2:
  version "0.6.2"
  resolved "https://mvn.23cube.com/repository/npm/negotiator/-/negotiator-0.6.2.tgz#feacf7ccf525a77ae9634436a64883ffeca346fb"

nib@^1.1.2:
  version "1.1.2"
  resolved "https://mvn.23cube.com/repository/npm/nib/-/nib-1.1.2.tgz#6a69ede4081b95c0def8be024a4c8ae0c2cbb6c7"
  dependencies:
    stylus "0.54.5"

nice-try@^1.0.4:
  version "1.0.5"
  resolved "https://mvn.23cube.com/repository/npm/nice-try/-/nice-try-1.0.5.tgz#a3378a7696ce7d223e88fc9b764bd7ef1089e366"

no-case@^2.2.0:
  version "2.3.2"
  resolved "https://mvn.23cube.com/repository/npm/no-case/-/no-case-2.3.2.tgz#60b813396be39b3f1288a4c1ed5d1e7d28b464ac"
  dependencies:
    lower-case "^1.1.1"

no-case@^3.0.3:
  version "3.0.3"
  resolved "https://mvn.23cube.com/repository/npm/no-case/-/no-case-3.0.3.tgz#c21b434c1ffe48b39087e86cfb4d2582e9df18f8"
  dependencies:
    lower-case "^2.0.1"
    tslib "^1.10.0"

nopt@~2.1.1:
  version "2.1.2"
  resolved "https://mvn.23cube.com/repository/npm/nopt/-/nopt-2.1.2.tgz#6cccd977b80132a07731d6e8ce58c2c8303cf9af"
  dependencies:
    abbrev "1"

normalize-path@^3.0.0, normalize-path@~3.0.0:
  version "3.0.0"
  resolved "https://mvn.23cube.com/repository/npm/normalize-path/-/normalize-path-3.0.0.tgz#0dcd69ff23a1c9b11fd0978316644a0388216a65"

nunjucks@^3.1.3:
  version "3.2.1"
  resolved "https://mvn.23cube.com/repository/npm/nunjucks/-/nunjucks-3.2.1.tgz#f229539281e92c6ad25d8c578c9bdb41655caf83"
  dependencies:
    a-sync-waterfall "^1.0.0"
    asap "^2.0.3"
    commander "^3.0.2"
  optionalDependencies:
    chokidar "^3.3.0"

on-finished@~2.3.0:
  version "2.3.0"
  resolved "https://mvn.23cube.com/repository/npm/on-finished/-/on-finished-2.3.0.tgz#20f1336481b083cd75337992a16971aa2d906947"
  dependencies:
    ee-first "1.1.1"

on-headers@~1.0.2:
  version "1.0.2"
  resolved "https://mvn.23cube.com/repository/npm/on-headers/-/on-headers-1.0.2.tgz#772b0ae6aaa525c399e489adfad90c403eb3c28f"

once@^1.3.0:
  version "1.4.0"
  resolved "https://mvn.23cube.com/repository/npm/once/-/once-1.4.0.tgz#583b1aa775961d4b113ac17d9c50baef9dd76bd1"
  dependencies:
    wrappy "1"

open@^6.3.0:
  version "6.4.0"
  resolved "https://mvn.23cube.com/repository/npm/open/-/open-6.4.0.tgz#5c13e96d0dc894686164f18965ecfe889ecfc8a9"
  dependencies:
    is-wsl "^1.1.0"

optimist@~0.6:
  version "0.6.1"
  resolved "https://mvn.23cube.com/repository/npm/optimist/-/optimist-0.6.1.tgz#da3ea74686fa21a19a111c326e90eb15a0196686"
  dependencies:
    minimist "~0.0.1"
    wordwrap "~0.0.2"

parseurl@~1.3.3:
  version "1.3.3"
  resolved "https://mvn.23cube.com/repository/npm/parseurl/-/parseurl-1.3.3.tgz#9da19e7bee8d12dff0513ed5b76957793bc2e8d4"

pascal-case@^3.1.1:
  version "3.1.1"
  resolved "https://mvn.23cube.com/repository/npm/pascal-case/-/pascal-case-3.1.1.tgz#5ac1975133ed619281e88920973d2cd1f279de5f"
  dependencies:
    no-case "^3.0.3"
    tslib "^1.10.0"

path-is-absolute@^1.0.0:
  version "1.0.1"
  resolved "https://mvn.23cube.com/repository/npm/path-is-absolute/-/path-is-absolute-1.0.1.tgz#174b9268735534ffbc7ace6bf53a5a9e1b5c5f5f"

path-key@^2.0.1:
  version "2.0.1"
  resolved "https://mvn.23cube.com/repository/npm/path-key/-/path-key-2.0.1.tgz#411cadb574c5a140d3a4b1910d40d80cc9f40b40"

path-key@^3.1.0:
  version "3.1.1"
  resolved "https://mvn.23cube.com/repository/npm/path-key/-/path-key-3.1.1.tgz#581f6ade658cbba65a0d3380de7753295054f375"

path-parse@^1.0.6:
  version "1.0.6"
  resolved "https://mvn.23cube.com/repository/npm/path-parse/-/path-parse-1.0.6.tgz#d62dbb5679405d72c4737ec58600e9ddcf06d24c"

picomatch@^2.0.4, picomatch@^2.0.5, picomatch@^2.2.1:
  version "2.2.2"
  resolved "https://mvn.23cube.com/repository/npm/picomatch/-/picomatch-2.2.2.tgz#21f333e9b6b8eaff02468f5146ea406d345f4dad"

pretty-hrtime@^1.0.3:
  version "1.0.3"
  resolved "https://mvn.23cube.com/repository/npm/pretty-hrtime/-/pretty-hrtime-1.0.3.tgz#b7e3ea42435a4c9b2759d99e0f201eb195802ee1"

prismjs@^1.17.1:
  version "1.20.0"
  resolved "https://mvn.23cube.com/repository/npm/prismjs/-/prismjs-1.20.0.tgz#9b685fc480a3514ee7198eac6a3bf5024319ff03"
  optionalDependencies:
    clipboard "^2.0.0"

punycode.js@^2.1.0:
  version "2.1.0"
  resolved "https://mvn.23cube.com/repository/npm/punycode.js/-/punycode.js-2.1.0.tgz#f3937f7a914152c2dc17e9c280a2cf86a26b7cda"

range-parser@~1.2.1:
  version "1.2.1"
  resolved "https://mvn.23cube.com/repository/npm/range-parser/-/range-parser-1.2.1.tgz#3cf37023d199e1c24d1a55b84800c2f3e6468031"

readdirp@~3.4.0:
  version "3.4.0"
  resolved "https://mvn.23cube.com/repository/npm/readdirp/-/readdirp-3.4.0.tgz#9fdccdf9e9155805449221ac645e8303ab5b9ada"
  dependencies:
    picomatch "^2.2.1"

repeat-string@^1.5.2:
  version "1.6.1"
  resolved "https://mvn.23cube.com/repository/npm/repeat-string/-/repeat-string-1.6.1.tgz#8dcae470e1c88abc2d600fff4a776286da75e637"

resolve-url@^0.2.1:
  version "0.2.1"
  resolved "https://mvn.23cube.com/repository/npm/resolve-url/-/resolve-url-0.2.1.tgz#2c637fe77c893afd2a663fe21aa9080068e2052a"

resolve@^1.11.0, resolve@^1.8.1:
  version "1.17.0"
  resolved "https://mvn.23cube.com/repository/npm/resolve/-/resolve-1.17.0.tgz#b25941b54968231cc2d1bb76a79cb7f2c0bf8444"
  dependencies:
    path-parse "^1.0.6"

rfdc@^1.1.4:
  version "1.1.4"
  resolved "https://mvn.23cube.com/repository/npm/rfdc/-/rfdc-1.1.4.tgz#ba72cc1367a0ccd9cf81a870b3b58bd3ad07f8c2"

right-align@^0.1.1:
  version "0.1.3"
  resolved "https://mvn.23cube.com/repository/npm/right-align/-/right-align-0.1.3.tgz#61339b722fe6a3515689210d24e14c96148613ef"
  dependencies:
    align-text "^0.1.1"

rimraf@~2.4.0:
  version "2.4.5"
  resolved "https://mvn.23cube.com/repository/npm/rimraf/-/rimraf-2.4.5.tgz#ee710ce5d93a8fdb856fb5ea8ff0e2d75934b2da"
  dependencies:
    glob "^6.0.1"

safe-buffer@5.1.2:
  version "5.1.2"
  resolved "https://mvn.23cube.com/repository/npm/safe-buffer/-/safe-buffer-5.1.2.tgz#991ec69d296e0313747d59bdfd2b745c35f8828d"

safe-json-stringify@~1:
  version "1.2.0"
  resolved "https://mvn.23cube.com/repository/npm/safe-json-stringify/-/safe-json-stringify-1.2.0.tgz#356e44bc98f1f93ce45df14bcd7c01cda86e0afd"

safer-buffer@^2.1.2:
  version "2.1.2"
  resolved "https://mvn.23cube.com/repository/npm/safer-buffer/-/safer-buffer-2.1.2.tgz#44fa161b0187b9549dd84bb91802f9bd8385cd6a"

sax@0.5.x:
  version "0.5.8"
  resolved "https://mvn.23cube.com/repository/npm/sax/-/sax-0.5.8.tgz#d472db228eb331c2506b0e8c15524adb939d12c1"

sax@~1.2.4:
  version "1.2.4"
  resolved "https://mvn.23cube.com/repository/npm/sax/-/sax-1.2.4.tgz#2816234e2378bddc4e5354fab5caa895df7100d9"

select@^1.1.2:
  version "1.1.2"
  resolved "https://mvn.23cube.com/repository/npm/select/-/select-1.1.2.tgz#0e7350acdec80b1108528786ec1d4418d11b396d"

semver@^5.5.0:
  version "5.7.1"
  resolved "https://mvn.23cube.com/repository/npm/semver/-/semver-5.7.1.tgz#a954f931aeba508d307bbf069eff0c01c96116f7"

semver@^6.0.0:
  version "6.3.0"
  resolved "https://mvn.23cube.com/repository/npm/semver/-/semver-6.3.0.tgz#ee0a64c8af5e8ceea67687b133761e1becbd1d3d"

send@0.17.1:
  version "0.17.1"
  resolved "https://mvn.23cube.com/repository/npm/send/-/send-0.17.1.tgz#c1d8b059f7900f7466dd4938bdc44e11ddb376c8"
  dependencies:
    debug "2.6.9"
    depd "~1.1.2"
    destroy "~1.0.4"
    encodeurl "~1.0.2"
    escape-html "~1.0.3"
    etag "~1.8.1"
    fresh "0.5.2"
    http-errors "~1.7.2"
    mime "1.6.0"
    ms "2.1.1"
    on-finished "~2.3.0"
    range-parser "~1.2.1"
    statuses "~1.5.0"

serve-static@^1.14.1:
  version "1.14.1"
  resolved "https://mvn.23cube.com/repository/npm/serve-static/-/serve-static-1.14.1.tgz#666e636dc4f010f7ef29970a88a674320898b2f9"
  dependencies:
    encodeurl "~1.0.2"
    escape-html "~1.0.3"
    parseurl "~1.3.3"
    send "0.17.1"

setprototypeof@1.1.1:
  version "1.1.1"
  resolved "https://mvn.23cube.com/repository/npm/setprototypeof/-/setprototypeof-1.1.1.tgz#7e95acb24aa92f5885e0abef5ba131330d4ae683"

shebang-command@^1.2.0:
  version "1.2.0"
  resolved "https://mvn.23cube.com/repository/npm/shebang-command/-/shebang-command-1.2.0.tgz#44aac65b695b03398968c39f363fee5deafdf1ea"
  dependencies:
    shebang-regex "^1.0.0"

shebang-command@^2.0.0:
  version "2.0.0"
  resolved "https://mvn.23cube.com/repository/npm/shebang-command/-/shebang-command-2.0.0.tgz#ccd0af4f8835fbdc265b82461aaf0c36663f34ea"
  dependencies:
    shebang-regex "^3.0.0"

shebang-regex@^1.0.0:
  version "1.0.0"
  resolved "https://mvn.23cube.com/repository/npm/shebang-regex/-/shebang-regex-1.0.0.tgz#da42f49740c0b42db2ca9728571cb190c98efea3"

shebang-regex@^3.0.0:
  version "3.0.0"
  resolved "https://mvn.23cube.com/repository/npm/shebang-regex/-/shebang-regex-3.0.0.tgz#ae16f1644d873ecad843b0307b143362d4c42172"

source-map-resolve@^0.5.2:
  version "0.5.3"
  resolved "https://mvn.23cube.com/repository/npm/source-map-resolve/-/source-map-resolve-0.5.3.tgz#190866bece7553e1f8f267a2ee82c606b5509a1a"
  dependencies:
    atob "^2.1.2"
    decode-uri-component "^0.2.0"
    resolve-url "^0.2.1"
    source-map-url "^0.4.0"
    urix "^0.1.0"

source-map-url@^0.4.0:
  version "0.4.0"
  resolved "https://mvn.23cube.com/repository/npm/source-map-url/-/source-map-url-0.4.0.tgz#3e935d7ddd73631b97659956d55128e87b5084a3"

source-map@0.1.x:
  version "0.1.43"
  resolved "https://mvn.23cube.com/repository/npm/source-map/-/source-map-0.1.43.tgz#c24bc146ca517c1471f5dacbe2571b2b7f9e3346"
  dependencies:
    amdefine ">=0.0.4"

source-map@^0.6.1:
  version "0.6.1"
  resolved "https://mvn.23cube.com/repository/npm/source-map/-/source-map-0.6.1.tgz#74722af32e9614e9c287a8d0bbde48b5e2f1a263"

source-map@^0.7.3:
  version "0.7.3"
  resolved "https://mvn.23cube.com/repository/npm/source-map/-/source-map-0.7.3.tgz#5302f8169031735226544092e64981f751750383"

source-map@~0.5.1:
  version "0.5.7"
  resolved "https://mvn.23cube.com/repository/npm/source-map/-/source-map-0.5.7.tgz#8a039d2d1021d22d1ea14c80d8ea468ba2ef3fcc"

sprintf-js@^1.0.3:
  version "1.1.2"
  resolved "https://mvn.23cube.com/repository/npm/sprintf-js/-/sprintf-js-1.1.2.tgz#da1765262bf8c0f571749f2ad6c26300207ae673"

sprintf-js@~1.0.2:
  version "1.0.3"
  resolved "https://mvn.23cube.com/repository/npm/sprintf-js/-/sprintf-js-1.0.3.tgz#04e6926f662895354f3dd015203633b857297e2c"

"statuses@>= 1.5.0 < 2", statuses@~1.5.0:
  version "1.5.0"
  resolved "https://mvn.23cube.com/repository/npm/statuses/-/statuses-1.5.0.tgz#161c7dac177659fd9811f43771fa99381478628c"

strip-ansi@^6.0.0:
  version "6.0.0"
  resolved "https://mvn.23cube.com/repository/npm/strip-ansi/-/strip-ansi-6.0.0.tgz#0b1571dd7669ccd4f3e06e14ef1eed26225ae532"
  dependencies:
    ansi-regex "^5.0.0"

strip-indent@^3.0.0:
  version "3.0.0"
  resolved "https://mvn.23cube.com/repository/npm/strip-indent/-/strip-indent-3.0.0.tgz#c32e1cee940b6b3432c771bc2c54bcce73cd3001"
  dependencies:
    min-indent "^1.0.0"

striptags@^3.1.1:
  version "3.1.1"
  resolved "https://mvn.23cube.com/repository/npm/striptags/-/striptags-3.1.1.tgz#c8c3e7fdd6fb4bb3a32a3b752e5b5e3e38093ebd"

stylus@0.54.5:
  version "0.54.5"
  resolved "https://mvn.23cube.com/repository/npm/stylus/-/stylus-0.54.5.tgz#42b9560931ca7090ce8515a798ba9e6aa3d6dc79"
  dependencies:
    css-parse "1.7.x"
    debug "*"
    glob "7.0.x"
    mkdirp "0.5.x"
    sax "0.5.x"
    source-map "0.1.x"

stylus@^0.54.5:
  version "0.54.7"
  resolved "https://mvn.23cube.com/repository/npm/stylus/-/stylus-0.54.7.tgz#c6ce4793965ee538bcebe50f31537bfc04d88cd2"
  dependencies:
    css-parse "~2.0.0"
    debug "~3.1.0"
    glob "^7.1.3"
    mkdirp "~0.5.x"
    safer-buffer "^2.1.2"
    sax "~1.2.4"
    semver "^6.0.0"
    source-map "^0.7.3"

supports-color@^5.3.0:
  version "5.5.0"
  resolved "https://mvn.23cube.com/repository/npm/supports-color/-/supports-color-5.5.0.tgz#e2e69a44ac8772f78a1ec0b35b689df6530efc8f"
  dependencies:
    has-flag "^3.0.0"

supports-color@^7.1.0:
  version "7.1.0"
  resolved "https://mvn.23cube.com/repository/npm/supports-color/-/supports-color-7.1.0.tgz#68e32591df73e25ad1c4b49108a2ec507962bfd1"
  dependencies:
    has-flag "^4.0.0"

swig-extras@0.0.1:
  version "0.0.1"
  resolved "https://mvn.23cube.com/repository/npm/swig-extras/-/swig-extras-0.0.1.tgz#b503fede372ab9c24c6ac68caf656bcef1872328"
  dependencies:
    markdown "~0.5.0"

swig-templates@^2.0.3:
  version "2.0.3"
  resolved "https://mvn.23cube.com/repository/npm/swig-templates/-/swig-templates-2.0.3.tgz#6b4c43b462175df2a8da857a2043379ec6ea6fd0"
  dependencies:
    optimist "~0.6"
    uglify-js "2.6.0"

text-table@^0.2.0:
  version "0.2.0"
  resolved "https://mvn.23cube.com/repository/npm/text-table/-/text-table-0.2.0.tgz#7f5ee823ae805207c00af2df4a84ec3fcfa570b4"

"through@>=2.2.7 <3":
  version "2.3.8"
  resolved "https://mvn.23cube.com/repository/npm/through/-/through-2.3.8.tgz#0dd4c9ffaabc357960b1b724115d7e0e86a2e1f5"

tildify@^2.0.0:
  version "2.0.0"
  resolved "https://mvn.23cube.com/repository/npm/tildify/-/tildify-2.0.0.tgz#f205f3674d677ce698b7067a99e949ce03b4754a"

tiny-emitter@^2.0.0:
  version "2.1.0"
  resolved "https://mvn.23cube.com/repository/npm/tiny-emitter/-/tiny-emitter-2.1.0.tgz#1d1a56edfc51c43e863cbb5382a72330e3555423"

titlecase@^1.1.2:
  version "1.1.3"
  resolved "https://mvn.23cube.com/repository/npm/titlecase/-/titlecase-1.1.3.tgz#fc6d65ff582b0602410768ef1a09b70506313dc3"

to-regex-range@^5.0.1:
  version "5.0.1"
  resolved "https://mvn.23cube.com/repository/npm/to-regex-range/-/to-regex-range-5.0.1.tgz#1648c44aae7c8d988a326018ed72f5b4dd0392e4"
  dependencies:
    is-number "^7.0.0"

toidentifier@1.0.0:
  version "1.0.0"
  resolved "https://mvn.23cube.com/repository/npm/toidentifier/-/toidentifier-1.0.0.tgz#7e1be3470f1e77948bc43d94a3c8f4d7752ba553"

tslib@^1.10.0:
  version "1.13.0"
  resolved "https://mvn.23cube.com/repository/npm/tslib/-/tslib-1.13.0.tgz#c881e13cc7015894ed914862d276436fa9a47043"

uglify-js@2.6.0:
  version "2.6.0"
  resolved "https://mvn.23cube.com/repository/npm/uglify-js/-/uglify-js-2.6.0.tgz#25eaa1cc3550e39410ceefafd1cfbb6b6d15f001"
  dependencies:
    async "~0.2.6"
    source-map "~0.5.1"
    uglify-to-browserify "~1.0.0"
    yargs "~3.10.0"

uglify-to-browserify@~1.0.0:
  version "1.0.2"
  resolved "https://mvn.23cube.com/repository/npm/uglify-to-browserify/-/uglify-to-browserify-1.0.2.tgz#6e0924d6bda6b5afe349e39a6d632850a0f882b7"

unpipe@~1.0.0:
  version "1.0.0"
  resolved "https://mvn.23cube.com/repository/npm/unpipe/-/unpipe-1.0.0.tgz#b2bf4ee8514aae6165b4817829d21b2ef49904ec"

upper-case@^1.1.1:
  version "1.1.3"
  resolved "https://mvn.23cube.com/repository/npm/upper-case/-/upper-case-1.1.3.tgz#f6b4501c2ec4cdd26ba78be7222961de77621598"

urix@^0.1.0:
  version "0.1.0"
  resolved "https://mvn.23cube.com/repository/npm/urix/-/urix-0.1.0.tgz#da937f7a62e21fec1fd18d49b35c2935067a6c72"

utils-merge@1.0.1:
  version "1.0.1"
  resolved "https://mvn.23cube.com/repository/npm/utils-merge/-/utils-merge-1.0.1.tgz#9f95710f50a267947b2ccc124741c1028427e713"

vary@~1.1.2:
  version "1.1.2"
  resolved "https://mvn.23cube.com/repository/npm/vary/-/vary-1.1.2.tgz#2299f02c6ded30d4a5961b0b9f74524a18f634fc"

warehouse@^3.0.1:
  version "3.0.2"
  resolved "https://mvn.23cube.com/repository/npm/warehouse/-/warehouse-3.0.2.tgz#4c02f6fcf2b33130656f3d033c44bf5673af0433"
  dependencies:
    JSONStream "^1.0.7"
    bluebird "^3.2.2"
    cuid "^2.1.4"
    graceful-fs "^4.1.3"
    is-plain-object "^3.0.0"
    rfdc "^1.1.4"

which@^1.2.9:
  version "1.3.1"
  resolved "https://mvn.23cube.com/repository/npm/which/-/which-1.3.1.tgz#a45043d54f5805316da8d62f9f50918d3da70b0a"
  dependencies:
    isexe "^2.0.0"

which@^2.0.1:
  version "2.0.2"
  resolved "https://mvn.23cube.com/repository/npm/which/-/which-2.0.2.tgz#7c6a8dd0a636a0327e10b59c9286eee93f3f51b1"
  dependencies:
    isexe "^2.0.0"

window-size@0.1.0:
  version "0.1.0"
  resolved "https://mvn.23cube.com/repository/npm/window-size/-/window-size-0.1.0.tgz#5438cd2ea93b202efa3a19fe8887aee7c94f9c9d"

wordwrap@0.0.2:
  version "0.0.2"
  resolved "https://mvn.23cube.com/repository/npm/wordwrap/-/wordwrap-0.0.2.tgz#b79669bb42ecb409f83d583cad52ca17eaa1643f"

wordwrap@~0.0.2:
  version "0.0.3"
  resolved "https://mvn.23cube.com/repository/npm/wordwrap/-/wordwrap-0.0.3.tgz#a3d5da6cd5c0bc0008d37234bbaf1bed63059107"

wrappy@1:
  version "1.0.2"
  resolved "https://mvn.23cube.com/repository/npm/wrappy/-/wrappy-1.0.2.tgz#b5243d8f3ec1aa35f1364605bc0d1036e30ab69f"

yargs@~3.10.0:
  version "3.10.0"
  resolved "https://mvn.23cube.com/repository/npm/yargs/-/yargs-3.10.0.tgz#f7ee7bd857dd7c1d2d38c0e74efbd681d1431fd1"
  dependencies:
    camelcase "^1.0.2"
    cliui "^2.1.0"
    decamelize "^1.0.0"
    window-size "0.1.0"
